// !$*UTF8*$!
{
	archiveVersion = 1;
	classes = {
	};
	objectVersion = 56;
	objects = {

/* Begin PBXBuildFile section */
		5D0EBD5F2AB9E3E300B908CA /* ActivityView.swift in Sources */ = {isa = PBXBuildFile; fileRef = 5D0EBD5E2AB9E3E300B908CA /* ActivityView.swift */; };
		5D0EBD632ABAFE6700B908CA /* RestaurantDetailView.swift in Sources */ = {isa = PBXBuildFile; fileRef = 5D0EBD622ABAFE6700B908CA /* RestaurantDetailView.swift */; };
		5D0EBD6A2ABC8E9600B908CA /* UiColor.swift in Sources */ = {isa = PBXBuildFile; fileRef = 5D0EBD692ABC8E9600B908CA /* UiColor.swift */; };
		5D1FDE542B3C30E6003B6733 /* TutorialView.swift in Sources */ = {isa = PBXBuildFile; fileRef = 5D1FDE532B3C30E6003B6733 /* TutorialView.swift */; };
		5D1FDE562B3C3DAE003B6733 /* MainView.swift in Sources */ = {isa = PBXBuildFile; fileRef = 5D1FDE552B3C3DAE003B6733 /* MainView.swift */; };
		5D1FDE582B3C5F71003B6733 /* AboutView.swift in Sources */ = {isa = PBXBuildFile; fileRef = 5D1FDE572B3C5F71003B6733 /* AboutView.swift */; };
		5D1FDE5A2B3C669C003B6733 /* WebView.swift in Sources */ = {isa = PBXBuildFile; fileRef = 5D1FDE592B3C669C003B6733 /* WebView.swift */; };
		5D1FDE5C2B3C6D9A003B6733 /* SafariView.swift in Sources */ = {isa = PBXBuildFile; fileRef = 5D1FDE5B2B3C6D9A003B6733 /* SafariView.swift */; };
		5D30C5BD2AC1D4FF00F6B49A /* MapView.swift in Sources */ = {isa = PBXBuildFile; fileRef = 5D30C5BC2AC1D4FF00F6B49A /* MapView.swift */; };
		5D48EFE32B35F460002084F5 /* Persistence.swift in Sources */ = {isa = PBXBuildFile; fileRef = 5D48EFE22B35F460002084F5 /* Persistence.swift */; };
		5D48EFE62B35F5B2002084F5 /* FoodPin.xcdatamodeld in Sources */ = {isa = PBXBuildFile; fileRef = 5D48EFE42B35F5B2002084F5 /* FoodPin.xcdatamodeld */; };
		5D48EFE92B37292F002084F5 /* RestaurantFormViewModel.swift in Sources */ = {isa = PBXBuildFile; fileRef = 5D48EFE82B37292F002084F5 /* RestaurantFormViewModel.swift */; };
		5D4A85A92B29E02E00282D01 /* ReviewView.swift in Sources */ = {isa = PBXBuildFile; fileRef = 5D4A85A82B29E02E00282D01 /* ReviewView.swift */; };
		5D6E72472B2E087100CBE254 /* NewRestaurantView.swift in Sources */ = {isa = PBXBuildFile; fileRef = 5D6E72462B2E087100CBE254 /* NewRestaurantView.swift */; };
		5DAD53FD2B31F8D600308DD6 /* ImagePicker.swift in Sources */ = {isa = PBXBuildFile; fileRef = 5DAD53FC2B31F8D600308DD6 /* ImagePicker.swift */; };
		5DAEC07A2AB7799F00589817 /* Restaurant.swift in Sources */ = {isa = PBXBuildFile; fileRef = 5DAEC0792AB7799F00589817 /* Restaurant.swift */; };
		5DB64C542AAF349B000A70DB /* FoodPinApp.swift in Sources */ = {isa = PBXBuildFile; fileRef = 5DB64C532AAF349B000A70DB /* FoodPinApp.swift */; };
		5DB64C562AAF349B000A70DB /* RestaurantListView.swift in Sources */ = {isa = PBXBuildFile; fileRef = 5DB64C552AAF349B000A70DB /* RestaurantListView.swift */; };
		5DB64C582AAF349C000A70DB /* Assets.xcassets in Resources */ = {isa = PBXBuildFile; fileRef = 5DB64C572AAF349C000A70DB /* Assets.xcassets */; };
		5DB64C5B2AAF349C000A70DB /* Preview Assets.xcassets in Resources */ = {isa = PBXBuildFile; fileRef = 5DB64C5A2AAF349C000A70DB /* Preview Assets.xcassets */; };
/* End PBXBuildFile section */

/* Begin PBXFileReference section */
		5D0EBD5E2AB9E3E300B908CA /* ActivityView.swift */ = {isa = PBXFileReference; lastKnownFileType = sourcecode.swift; path = ActivityView.swift; sourceTree = "<group>"; };
		5D0EBD622ABAFE6700B908CA /* RestaurantDetailView.swift */ = {isa = PBXFileReference; lastKnownFileType = sourcecode.swift; path = RestaurantDetailView.swift; sourceTree = "<group>"; };
		5D0EBD662ABB19B100B908CA /* Nunito-Bold.ttf */ = {isa = PBXFileReference; lastKnownFileType = file; path = "Nunito-Bold.ttf"; sourceTree = "<group>"; };
		5D0EBD672ABB19BC00B908CA /* Nunito-Regular.ttf */ = {isa = PBXFileReference; lastKnownFileType = file; path = "Nunito-Regular.ttf"; sourceTree = "<group>"; };
		5D0EBD692ABC8E9600B908CA /* UiColor.swift */ = {isa = PBXFileReference; lastKnownFileType = sourcecode.swift; path = UiColor.swift; sourceTree = "<group>"; };
		5D1FDE532B3C30E6003B6733 /* TutorialView.swift */ = {isa = PBXFileReference; lastKnownFileType = sourcecode.swift; path = TutorialView.swift; sourceTree = "<group>"; };
		5D1FDE552B3C3DAE003B6733 /* MainView.swift */ = {isa = PBXFileReference; lastKnownFileType = sourcecode.swift; path = MainView.swift; sourceTree = "<group>"; };
		5D1FDE572B3C5F71003B6733 /* AboutView.swift */ = {isa = PBXFileReference; lastKnownFileType = sourcecode.swift; path = AboutView.swift; sourceTree = "<group>"; };
		5D1FDE592B3C669C003B6733 /* WebView.swift */ = {isa = PBXFileReference; lastKnownFileType = sourcecode.swift; path = WebView.swift; sourceTree = "<group>"; };
		5D1FDE5B2B3C6D9A003B6733 /* SafariView.swift */ = {isa = PBXFileReference; lastKnownFileType = sourcecode.swift; path = SafariView.swift; sourceTree = "<group>"; };
		5D30C5BC2AC1D4FF00F6B49A /* MapView.swift */ = {isa = PBXFileReference; lastKnownFileType = sourcecode.swift; path = MapView.swift; sourceTree = "<group>"; };
		5D48EFE22B35F460002084F5 /* Persistence.swift */ = {isa = PBXFileReference; lastKnownFileType = sourcecode.swift; path = Persistence.swift; sourceTree = "<group>"; };
		5D48EFE52B35F5B2002084F5 /* FoodPin.xcdatamodel */ = {isa = PBXFileReference; lastKnownFileType = wrapper.xcdatamodel; path = FoodPin.xcdatamodel; sourceTree = "<group>"; };
		5D48EFE82B37292F002084F5 /* RestaurantFormViewModel.swift */ = {isa = PBXFileReference; lastKnownFileType = sourcecode.swift; path = RestaurantFormViewModel.swift; sourceTree = "<group>"; };
		5D4A85A82B29E02E00282D01 /* ReviewView.swift */ = {isa = PBXFileReference; lastKnownFileType = sourcecode.swift; path = ReviewView.swift; sourceTree = "<group>"; };
		5D6E72462B2E087100CBE254 /* NewRestaurantView.swift */ = {isa = PBXFileReference; lastKnownFileType = sourcecode.swift; path = NewRestaurantView.swift; sourceTree = "<group>"; };
		5DAD53FC2B31F8D600308DD6 /* ImagePicker.swift */ = {isa = PBXFileReference; lastKnownFileType = sourcecode.swift; path = ImagePicker.swift; sourceTree = "<group>"; };
		5DAEC0792AB7799F00589817 /* Restaurant.swift */ = {isa = PBXFileReference; lastKnownFileType = sourcecode.swift; path = Restaurant.swift; sourceTree = "<group>"; };
		5DB64C502AAF349B000A70DB /* FoodPin.app */ = {isa = PBXFileReference; explicitFileType = wrapper.application; includeInIndex = 0; path = FoodPin.app; sourceTree = BUILT_PRODUCTS_DIR; };
		5DB64C532AAF349B000A70DB /* FoodPinApp.swift */ = {isa = PBXFileReference; lastKnownFileType = sourcecode.swift; path = FoodPinApp.swift; sourceTree = "<group>"; };
		5DB64C552AAF349B000A70DB /* RestaurantListView.swift */ = {isa = PBXFileReference; lastKnownFileType = sourcecode.swift; path = RestaurantListView.swift; sourceTree = "<group>"; };
		5DB64C572AAF349C000A70DB /* Assets.xcassets */ = {isa = PBXFileReference; lastKnownFileType = folder.assetcatalog; path = Assets.xcassets; sourceTree = "<group>"; };
		5DB64C5A2AAF349C000A70DB /* Preview Assets.xcassets */ = {isa = PBXFileReference; lastKnownFileType = folder.assetcatalog; path = "Preview Assets.xcassets"; sourceTree = "<group>"; };
/* End PBXFileReference section */

/* Begin PBXFrameworksBuildPhase section */
		5DB64C4D2AAF349B000A70DB /* Frameworks */ = {
			isa = PBXFrameworksBuildPhase;
			buildActionMask = 2147483647;
			files = (
			);
			runOnlyForDeploymentPostprocessing = 0;
		};
/* End PBXFrameworksBuildPhase section */

/* Begin PBXGroup section */
		5D0EBD642ABB196F00B908CA /* Resources */ = {
			isa = PBXGroup;
			children = (
				5D0EBD652ABB198000B908CA /* Fonts */,
			);
			path = Resources;
			sourceTree = "<group>";
		};
		5D0EBD652ABB198000B908CA /* Fonts */ = {
			isa = PBXGroup;
			children = (
				5D0EBD662ABB19B100B908CA /* Nunito-Bold.ttf */,
				5D0EBD672ABB19BC00B908CA /* Nunito-Regular.ttf */,
			);
			path = Fonts;
			sourceTree = "<group>";
		};
		5D0EBD682ABC8E6300B908CA /* Extensions */ = {
			isa = PBXGroup;
			children = (
				5D0EBD692ABC8E9600B908CA /* UiColor.swift */,
			);
			path = Extensions;
			sourceTree = "<group>";
		};
		5D48EFE72B372916002084F5 /* ViewModel */ = {
			isa = PBXGroup;
			children = (
				5D48EFE82B37292F002084F5 /* RestaurantFormViewModel.swift */,
			);
			path = ViewModel;
			sourceTree = "<group>";
		};
		5DAD53FB2B31F8B800308DD6 /* Utilites */ = {
			isa = PBXGroup;
			children = (
				5DAD53FC2B31F8D600308DD6 /* ImagePicker.swift */,
			);
			path = Utilites;
			sourceTree = "<group>";
		};
		5DAEC07B2AB7806600589817 /* View */ = {
			isa = PBXGroup;
			children = (
				5DB64C552AAF349B000A70DB /* RestaurantListView.swift */,
				5D30C5BC2AC1D4FF00F6B49A /* MapView.swift */,
				5D0EBD622ABAFE6700B908CA /* RestaurantDetailView.swift */,
				5D0EBD5E2AB9E3E300B908CA /* ActivityView.swift */,
				5D4A85A82B29E02E00282D01 /* ReviewView.swift */,
				5D6E72462B2E087100CBE254 /* NewRestaurantView.swift */,
				5D1FDE532B3C30E6003B6733 /* TutorialView.swift */,
				5D1FDE552B3C3DAE003B6733 /* MainView.swift */,
				5D1FDE572B3C5F71003B6733 /* AboutView.swift */,
				5D1FDE592B3C669C003B6733 /* WebView.swift */,
				5D1FDE5B2B3C6D9A003B6733 /* SafariView.swift */,
			);
			path = View;
			sourceTree = "<group>";
		};
		5DAEC07C2AB7807F00589817 /* Model */ = {
			isa = PBXGroup;
			children = (
				5DAEC0792AB7799F00589817 /* Restaurant.swift */,
				5D48EFE22B35F460002084F5 /* Persistence.swift */,
			);
			path = Model;
			sourceTree = "<group>";
		};
		5DB64C472AAF349B000A70DB = {
			isa = PBXGroup;
			children = (
				5DB64C522AAF349B000A70DB /* FoodPin */,
				5DB64C512AAF349B000A70DB /* Products */,
			);
			sourceTree = "<group>";
		};
		5DB64C512AAF349B000A70DB /* Products */ = {
			isa = PBXGroup;
			children = (
				5DB64C502AAF349B000A70DB /* FoodPin.app */,
			);
			name = Products;
			sourceTree = "<group>";
		};
		5DB64C522AAF349B000A70DB /* FoodPin */ = {
			isa = PBXGroup;
			children = (
				5D48EFE72B372916002084F5 /* ViewModel */,
				5DAD53FB2B31F8B800308DD6 /* Utilites */,
				5D0EBD682ABC8E6300B908CA /* Extensions */,
				5D0EBD642ABB196F00B908CA /* Resources */,
				5DAEC07C2AB7807F00589817 /* Model */,
				5DAEC07B2AB7806600589817 /* View */,
				5DB64C532AAF349B000A70DB /* FoodPinApp.swift */,
				5DB64C572AAF349C000A70DB /* Assets.xcassets */,
				5DB64C592AAF349C000A70DB /* Preview Content */,
				5D48EFE42B35F5B2002084F5 /* FoodPin.xcdatamodeld */,
			);
			path = FoodPin;
			sourceTree = "<group>";
		};
		5DB64C592AAF349C000A70DB /* Preview Content */ = {
			isa = PBXGroup;
			children = (
				5DB64C5A2AAF349C000A70DB /* Preview Assets.xcassets */,
			);
			path = "Preview Content";
			sourceTree = "<group>";
		};
/* End PBXGroup section */

/* Begin PBXNativeTarget section */
		5DB64C4F2AAF349B000A70DB /* FoodPin */ = {
			isa = PBXNativeTarget;
			buildConfigurationList = 5DB64C5E2AAF349C000A70DB /* Build configuration list for PBXNativeTarget "FoodPin" */;
			buildPhases = (
				5DB64C4C2AAF349B000A70DB /* Sources */,
				5DB64C4D2AAF349B000A70DB /* Frameworks */,
				5DB64C4E2AAF349B000A70DB /* Resources */,
			);
			buildRules = (
			);
			dependencies = (
			);
			name = FoodPin;
			productName = FoodPin;
			productReference = 5DB64C502AAF349B000A70DB /* FoodPin.app */;
			productType = "com.apple.product-type.application";
		};
/* End PBXNativeTarget section */

/* Begin PBXProject section */
		5DB64C482AAF349B000A70DB /* Project object */ = {
			isa = PBXProject;
			attributes = {
				BuildIndependentTargetsInParallel = 1;
				LastSwiftUpdateCheck = 1430;
				LastUpgradeCheck = 1510;
				TargetAttributes = {
					5DB64C4F2AAF349B000A70DB = {
						CreatedOnToolsVersion = 14.3.1;
					};
				};
			};
			buildConfigurationList = 5DB64C4B2AAF349B000A70DB /* Build configuration list for PBXProject "FoodPin" */;
			compatibilityVersion = "Xcode 14.0";
			developmentRegion = en;
			hasScannedForEncodings = 0;
			knownRegions = (
				en,
				Base,
			);
			mainGroup = 5DB64C472AAF349B000A70DB;
			productRefGroup = 5DB64C512AAF349B000A70DB /* Products */;
			projectDirPath = "";
			projectRoot = "";
			targets = (
				5DB64C4F2AAF349B000A70DB /* FoodPin */,
			);
		};
/* End PBXProject section */

/* Begin PBXResourcesBuildPhase section */
		5DB64C4E2AAF349B000A70DB /* Resources */ = {
			isa = PBXResourcesBuildPhase;
			buildActionMask = 2147483647;
			files = (
				5DB64C5B2AAF349C000A70DB /* Preview Assets.xcassets in Resources */,
				5DB64C582AAF349C000A70DB /* Assets.xcassets in Resources */,
			);
			runOnlyForDeploymentPostprocessing = 0;
		};
/* End PBXResourcesBuildPhase section */

/* Begin PBXSourcesBuildPhase section */
		5DB64C4C2AAF349B000A70DB /* Sources */ = {
			isa = PBXSourcesBuildPhase;
			buildActionMask = 2147483647;
			files = (
				5D1FDE582B3C5F71003B6733 /* AboutView.swift in Sources */,
				5D1FDE542B3C30E6003B6733 /* TutorialView.swift in Sources */,
				5D48EFE92B37292F002084F5 /* RestaurantFormViewModel.swift in Sources */,
				5D48EFE32B35F460002084F5 /* Persistence.swift in Sources */,
				5D4A85A92B29E02E00282D01 /* ReviewView.swift in Sources */,
				5D30C5BD2AC1D4FF00F6B49A /* MapView.swift in Sources */,
				5DB64C562AAF349B000A70DB /* RestaurantListView.swift in Sources */,
				5D0EBD6A2ABC8E9600B908CA /* UiColor.swift in Sources */,
				5D0EBD632ABAFE6700B908CA /* RestaurantDetailView.swift in Sources */,
				5D6E72472B2E087100CBE254 /* NewRestaurantView.swift in Sources */,
				5D1FDE5C2B3C6D9A003B6733 /* SafariView.swift in Sources */,
				5D0EBD5F2AB9E3E300B908CA /* ActivityView.swift in Sources */,
				5D1FDE5A2B3C669C003B6733 /* WebView.swift in Sources */,
				5DAD53FD2B31F8D600308DD6 /* ImagePicker.swift in Sources */,
				5DB64C542AAF349B000A70DB /* FoodPinApp.swift in Sources */,
				5DAEC07A2AB7799F00589817 /* Restaurant.swift in Sources */,
				5D1FDE562B3C3DAE003B6733 /* MainView.swift in Sources */,
				5D48EFE62B35F5B2002084F5 /* FoodPin.xcdatamodeld in Sources */,
			);
			runOnlyForDeploymentPostprocessing = 0;
		};
/* End PBXSourcesBuildPhase section */

/* Begin XCBuildConfiguration section */
		5DB64C5C2AAF349C000A70DB /* Debug */ = {
			isa = XCBuildConfiguration;
			buildSettings = {
				ALWAYS_SEARCH_USER_PATHS = NO;
				ASSETCATALOG_COMPILER_GENERATE_SWIFT_ASSET_SYMBOL_EXTENSIONS = YES;
				CLANG_ANALYZER_NONNULL = YES;
				CLANG_ANALYZER_NUMBER_OBJECT_CONVERSION = YES_AGGRESSIVE;
				CLANG_CXX_LANGUAGE_STANDARD = "gnu++20";
				CLANG_ENABLE_MODULES = YES;
				CLANG_ENABLE_OBJC_ARC = YES;
				CLANG_ENABLE_OBJC_WEAK = YES;
				CLANG_WARN_BLOCK_CAPTURE_AUTORELEASING = YES;
				CLANG_WARN_BOOL_CONVERSION = YES;
				CLANG_WARN_COMMA = YES;
				CLANG_WARN_CONSTANT_CONVERSION = YES;
				CLANG_WARN_DEPRECATED_OBJC_IMPLEMENTATIONS = YES;
				CLANG_WARN_DIRECT_OBJC_ISA_USAGE = YES_ERROR;
				CLANG_WARN_DOCUMENTATION_COMMENTS = YES;
				CLANG_WARN_EMPTY_BODY = YES;
				CLANG_WARN_ENUM_CONVERSION = YES;
				CLANG_WARN_INFINITE_RECURSION = YES;
				CLANG_WARN_INT_CONVERSION = YES;
				CLANG_WARN_NON_LITERAL_NULL_CONVERSION = YES;
				CLANG_WARN_OBJC_IMPLICIT_RETAIN_SELF = YES;
				CLANG_WARN_OBJC_LITERAL_CONVERSION = YES;
				CLANG_WARN_OBJC_ROOT_CLASS = YES_ERROR;
				CLANG_WARN_QUOTED_INCLUDE_IN_FRAMEWORK_HEADER = YES;
				CLANG_WARN_RANGE_LOOP_ANALYSIS = YES;
				CLANG_WARN_STRICT_PROTOTYPES = YES;
				CLANG_WARN_SUSPICIOUS_MOVE = YES;
				CLANG_WARN_UNGUARDED_AVAILABILITY = YES_AGGRESSIVE;
				CLANG_WARN_UNREACHABLE_CODE = YES;
				CLANG_WARN__DUPLICATE_METHOD_MATCH = YES;
				COPY_PHASE_STRIP = NO;
				DEBUG_INFORMATION_FORMAT = dwarf;
				ENABLE_STRICT_OBJC_MSGSEND = YES;
				ENABLE_TESTABILITY = YES;
				ENABLE_USER_SCRIPT_SANDBOXING = YES;
				GCC_C_LANGUAGE_STANDARD = gnu11;
				GCC_DYNAMIC_NO_PIC = NO;
				GCC_NO_COMMON_BLOCKS = YES;
				GCC_OPTIMIZATION_LEVEL = 0;
				GCC_PREPROCESSOR_DEFINITIONS = (
					"DEBUG=1",
					"$(inherited)",
				);
				GCC_WARN_64_TO_32_BIT_CONVERSION = YES;
				GCC_WARN_ABOUT_RETURN_TYPE = YES_ERROR;
				GCC_WARN_UNDECLARED_SELECTOR = YES;
				GCC_WARN_UNINITIALIZED_AUTOS = YES_AGGRESSIVE;
				GCC_WARN_UNUSED_FUNCTION = YES;
				GCC_WARN_UNUSED_VARIABLE = YES;
				IPHONEOS_DEPLOYMENT_TARGET = 16.4;
				MTL_ENABLE_DEBUG_INFO = INCLUDE_SOURCE;
				MTL_FAST_MATH = YES;
				ONLY_ACTIVE_ARCH = YES;
				SDKROOT = iphoneos;
				SWIFT_ACTIVE_COMPILATION_CONDITIONS = DEBUG;
				SWIFT_OPTIMIZATION_LEVEL = "-Onone";
			};
			name = Debug;
		};
		5DB64C5D2AAF349C000A70DB /* Release */ = {
			isa = XCBuildConfiguration;
			buildSettings = {
				ALWAYS_SEARCH_USER_PATHS = NO;
				ASSETCATALOG_COMPILER_GENERATE_SWIFT_ASSET_SYMBOL_EXTENSIONS = YES;
				CLANG_ANALYZER_NONNULL = YES;
				CLANG_ANALYZER_NUMBER_OBJECT_CONVERSION = YES_AGGRESSIVE;
				CLANG_CXX_LANGUAGE_STANDARD = "gnu++20";
				CLANG_ENABLE_MODULES = YES;
				CLANG_ENABLE_OBJC_ARC = YES;
				CLANG_ENABLE_OBJC_WEAK = YES;
				CLANG_WARN_BLOCK_CAPTURE_AUTORELEASING = YES;
				CLANG_WARN_BOOL_CONVERSION = YES;
				CLANG_WARN_COMMA = YES;
				CLANG_WARN_CONSTANT_CONVERSION = YES;
				CLANG_WARN_DEPRECATED_OBJC_IMPLEMENTATIONS = YES;
				CLANG_WARN_DIRECT_OBJC_ISA_USAGE = YES_ERROR;
				CLANG_WARN_DOCUMENTATION_COMMENTS = YES;
				CLANG_WARN_EMPTY_BODY = YES;
				CLANG_WARN_ENUM_CONVERSION = YES;
				CLANG_WARN_INFINITE_RECURSION = YES;
				CLANG_WARN_INT_CONVERSION = YES;
				CLANG_WARN_NON_LITERAL_NULL_CONVERSION = YES;
				CLANG_WARN_OBJC_IMPLICIT_RETAIN_SELF = YES;
				CLANG_WARN_OBJC_LITERAL_CONVERSION = YES;
				CLANG_WARN_OBJC_ROOT_CLASS = YES_ERROR;
				CLANG_WARN_QUOTED_INCLUDE_IN_FRAMEWORK_HEADER = YES;
				CLANG_WARN_RANGE_LOOP_ANALYSIS = YES;
				CLANG_WARN_STRICT_PROTOTYPES = YES;
				CLANG_WARN_SUSPICIOUS_MOVE = YES;
				CLANG_WARN_UNGUARDED_AVAILABILITY = YES_AGGRESSIVE;
				CLANG_WARN_UNREACHABLE_CODE = YES;
				CLANG_WARN__DUPLICATE_METHOD_MATCH = YES;
				COPY_PHASE_STRIP = NO;
				DEBUG_INFORMATION_FORMAT = "dwarf-with-dsym";
				ENABLE_NS_ASSERTIONS = NO;
				ENABLE_STRICT_OBJC_MSGSEND = YES;
				ENABLE_USER_SCRIPT_SANDBOXING = YES;
				GCC_C_LANGUAGE_STANDARD = gnu11;
				GCC_NO_COMMON_BLOCKS = YES;
				GCC_WARN_64_TO_32_BIT_CONVERSION = YES;
				GCC_WARN_ABOUT_RETURN_TYPE = YES_ERROR;
				GCC_WARN_UNDECLARED_SELECTOR = YES;
				GCC_WARN_UNINITIALIZED_AUTOS = YES_AGGRESSIVE;
				GCC_WARN_UNUSED_FUNCTION = YES;
				GCC_WARN_UNUSED_VARIABLE = YES;
				IPHONEOS_DEPLOYMENT_TARGET = 16.4;
				MTL_ENABLE_DEBUG_INFO = NO;
				MTL_FAST_MATH = YES;
				SDKROOT = iphoneos;
				SWIFT_COMPILATION_MODE = wholemodule;
				SWIFT_OPTIMIZATION_LEVEL = "-O";
				VALIDATE_PRODUCT = YES;
			};
			name = Release;
		};
		5DB64C5F2AAF349C000A70DB /* Debug */ = {
			isa = XCBuildConfiguration;
			buildSettings = {
				ASSETCATALOG_COMPILER_APPICON_NAME = AppIcon;
				ASSETCATALOG_COMPILER_GLOBAL_ACCENT_COLOR_NAME = AccentColor;
				CODE_SIGN_STYLE = Automatic;
				CURRENT_PROJECT_VERSION = 1;
				DEVELOPMENT_ASSET_PATHS = "\"FoodPin/Preview Content\"";
				DEVELOPMENT_TEAM = WXTVGCYAQM;
				ENABLE_PREVIEWS = YES;
				GENERATE_INFOPLIST_FILE = YES;
				INFOPLIST_KEY_NSCameraUsageDescription = "You need to grant the app access to your camera in order to take photos.";
				INFOPLIST_KEY_NSPhotoLibraryUsageDescription = "You need to grant the app access to your photo library so you can pick your favorite restaurant photo";
				INFOPLIST_KEY_UIApplicationSceneManifest_Generation = YES;
				INFOPLIST_KEY_UIApplicationSupportsIndirectInputEvents = YES;
				INFOPLIST_KEY_UILaunchScreen_Generation = YES;
				INFOPLIST_KEY_UISupportedInterfaceOrientations_iPad = "UIInterfaceOrientationPortrait UIInterfaceOrientationPortraitUpsideDown UIInterfaceOrientationLandscapeLeft UIInterfaceOrientationLandscapeRight";
				INFOPLIST_KEY_UISupportedInterfaceOrientations_iPhone = "UIInterfaceOrientationPortrait UIInterfaceOrientationLandscapeLeft UIInterfaceOrientationLandscapeRight";
				IPHONEOS_DEPLOYMENT_TARGET = 15.0;
				LD_RUNPATH_SEARCH_PATHS = (
					"$(inherited)",
					"@executable_path/Frameworks",
				);
				MARKETING_VERSION = 1.0;
				PRODUCT_BUNDLE_IDENTIFIER = personal.FoodPin;
				PRODUCT_NAME = "$(TARGET_NAME)";
				SWIFT_EMIT_LOC_STRINGS = YES;
				SWIFT_VERSION = 5.0;
				TARGETED_DEVICE_FAMILY = "1,2";
			};
			name = Debug;
		};
		5DB64C602AAF349C000A70DB /* Release */ = {
			isa = XCBuildConfiguration;
			buildSettings = {
				ASSETCATALOG_COMPILER_APPICON_NAME = AppIcon;
				ASSETCATALOG_COMPILER_GLOBAL_ACCENT_COLOR_NAME = AccentColor;
				CODE_SIGN_STYLE = Automatic;
				CURRENT_PROJECT_VERSION = 1;
				DEVELOPMENT_ASSET_PATHS = "\"FoodPin/Preview Content\"";
				DEVELOPMENT_TEAM = WXTVGCYAQM;
				ENABLE_PREVIEWS = YES;
				GENERATE_INFOPLIST_FILE = YES;
				INFOPLIST_KEY_NSCameraUsageDescription = "You need to grant the app access to your camera in order to take photos.";
				INFOPLIST_KEY_NSPhotoLibraryUsageDescription = "You need to grant the app access to your photo library so you can pick your favorite restaurant photo";
				INFOPLIST_KEY_UIApplicationSceneManifest_Generation = YES;
				INFOPLIST_KEY_UIApplicationSupportsIndirectInputEvents = YES;
				INFOPLIST_KEY_UILaunchScreen_Generation = YES;
				INFOPLIST_KEY_UISupportedInterfaceOrientations_iPad = "UIInterfaceOrientationPortrait UIInterfaceOrientationPortraitUpsideDown UIInterfaceOrientationLandscapeLeft UIInterfaceOrientationLandscapeRight";
				INFOPLIST_KEY_UISupportedInterfaceOrientations_iPhone = "UIInterfaceOrientationPortrait UIInterfaceOrientationLandscapeLeft UIInterfaceOrientationLandscapeRight";
				IPHONEOS_DEPLOYMENT_TARGET = 15.0;
				LD_RUNPATH_SEARCH_PATHS = (
					"$(inherited)",
					"@executable_path/Frameworks",
				);
				MARKETING_VERSION = 1.0;
				PRODUCT_BUNDLE_IDENTIFIER = personal.FoodPin;
				PRODUCT_NAME = "$(TARGET_NAME)";
				SWIFT_EMIT_LOC_STRINGS = YES;
				SWIFT_VERSION = 5.0;
				TARGETED_DEVICE_FAMILY = "1,2";
			};
			name = Release;
		};
/* End XCBuildConfiguration section */

/* Begin XCConfigurationList section */
		5DB64C4B2AAF349B000A70DB /* Build configuration list for PBXProject "FoodPin" */ = {
			isa = XCConfigurationList;
			buildConfigurations = (
				5DB64C5C2AAF349C000A70DB /* Debug */,
				5DB64C5D2AAF349C000A70DB /* Release */,
			);
			defaultConfigurationIsVisible = 0;
			defaultConfigurationName = Release;
		};
		5DB64C5E2AAF349C000A70DB /* Build configuration list for PBXNativeTarget "FoodPin" */ = {
			isa = XCConfigurationList;
			buildConfigurations = (
				5DB64C5F2AAF349C000A70DB /* Debug */,
				5DB64C602AAF349C000A70DB /* Release */,
			);
			defaultConfigurationIsVisible = 0;
			defaultConfigurationName = Release;
		};
/* End XCConfigurationList section */

/* Begin XCVersionGroup section */
		5D48EFE42B35F5B2002084F5 /* FoodPin.xcdatamodeld */ = {
			isa = XCVersionGroup;
			children = (
				5D48EFE52B35F5B2002084F5 /* FoodPin.xcdatamodel */,
			);
			currentVersion = 5D48EFE52B35F5B2002084F5 /* FoodPin.xcdatamodel */;
			path = FoodPin.xcdatamodeld;
			sourceTree = "<group>";
			versionGroupType = wrapper.xcdatamodel;
		};
/* End XCVersionGroup section */
	};
	rootObject = 5DB64C482AAF349B000A70DB /* Project object */;
}
